
Microsoft Visual Studio Solution File, Format Version 12.00
# Visual Studio Version 16
VisualStudioVersion = 16.0.29911.84
MinimumVisualStudioVersion = 10.0.40219.1
Project("{FAE04EC0-301F-11D3-BF4B-00C04F79EFBC}") = "MonthCalendarDemo", "MonthCalendarDemo\MonthCalendarDemo.csproj", "{2FF22470-850A-4F33-AD2B-339BC84A7825}"
EndProject
Project("{FAE04EC0-301F-11D3-BF4B-00C04F79EFBC}") = "LinkLableDemo", "LinkLable\LinkLableDemo.csproj", "{24C1F832-7B07-4B6A-8063-BF52E5AF24F4}"
EndProject
Project("{FAE04EC0-301F-11D3-BF4B-00C04F79EFBC}") = "ScrobarDemo", "ScrobarDemo\ScrobarDemo.csproj", "{91E315CB-9252-4181-8127-01DF2D3E239B}"
EndProject
Project("{FAE04EC0-301F-11D3-BF4B-00C04F79EFBC}") = "ListViewDemo", "ListViewDemo\ListViewDemo.csproj", "{352BB3F9-171A-4930-AF1E-9AAED80486A7}"
EndProject
Project("{FAE04EC0-301F-11D3-BF4B-00C04F79EFBC}") = "TreeFormDemo", "TreeFormDemo\TreeFormDemo.csproj", "{52DB9541-8FA7-4AC2-9A3B-CE962898670D}"
EndProject
Global
	GlobalSection(SolutionConfigurationPlatforms) = preSolution
		Debug|Any CPU = Debug|Any CPU
		Release|Any CPU = Release|Any CPU
	EndGlobalSection
	GlobalSection(ProjectConfigurationPlatforms) = postSolution
		{2FF22470-850A-4F33-AD2B-339BC84A7825}.Debug|Any CPU.ActiveCfg = Debug|Any CPU
		{2FF22470-850A-4F33-AD2B-339BC84A7825}.Debug|Any CPU.Build.0 = Debug|Any CPU
		{2FF22470-850A-4F33-AD2B-339BC84A7825}.Release|Any CPU.ActiveCfg = Release|Any CPU
		{2FF22470-850A-4F33-AD2B-339BC84A7825}.Release|Any CPU.Build.0 = Release|Any CPU
		{24C1F832-7B07-4B6A-8063-BF52E5AF24F4}.Debug|Any CPU.ActiveCfg = Debug|Any CPU
		{24C1F832-7B07-4B6A-8063-BF52E5AF24F4}.Debug|Any CPU.Build.0 = Debug|Any CPU
		{24C1F832-7B07-4B6A-8063-BF52E5AF24F4}.Release|Any CPU.ActiveCfg = Release|Any CPU
		{24C1F832-7B07-4B6A-8063-BF52E5AF24F4}.Release|Any CPU.Build.0 = Release|Any CPU
		{91E315CB-9252-4181-8127-01DF2D3E239B}.Debug|Any CPU.ActiveCfg = Debug|Any CPU
		{91E315CB-9252-4181-8127-01DF2D3E239B}.Debug|Any CPU.Build.0 = Debug|Any CPU
		{91E315CB-9252-4181-8127-01DF2D3E239B}.Release|Any CPU.ActiveCfg = Release|Any CPU
		{91E315CB-9252-4181-8127-01DF2D3E239B}.Release|Any CPU.Build.0 = Release|Any CPU
		{352BB3F9-171A-4930-AF1E-9AAED80486A7}.Debug|Any CPU.ActiveCfg = Debug|Any CPU
		{352BB3F9-171A-4930-AF1E-9AAED80486A7}.Debug|Any CPU.Build.0 = Debug|Any CPU
		{352BB3F9-171A-4930-AF1E-9AAED80486A7}.Release|Any CPU.ActiveCfg = Release|Any CPU
		{352BB3F9-171A-4930-AF1E-9AAED80486A7}.Release|Any CPU.Build.0 = Release|Any CPU
		{52DB9541-8FA7-4AC2-9A3B-CE962898670D}.Debug|Any CPU.ActiveCfg = Debug|Any CPU
		{52DB9541-8FA7-4AC2-9A3B-CE962898670D}.Debug|Any CPU.Build.0 = Debug|Any CPU
		{52DB9541-8FA7-4AC2-9A3B-CE962898670D}.Release|Any CPU.ActiveCfg = Release|Any CPU
		{52DB9541-8FA7-4AC2-9A3B-CE962898670D}.Release|Any CPU.Build.0 = Release|Any CPU
	EndGlobalSection
	GlobalSection(SolutionProperties) = preSolution
		HideSolutionNode = FALSE
	EndGlobalSection
	GlobalSection(ExtensibilityGlobals) = postSolution
		SolutionGuid = {103DF642-DEAC-4588-8EC9-11F224A20614}
	EndGlobalSection
EndGlobal
